
Microsoft Visual Studio Solution File, Format Version 12.00
# Visual Studio Version 17
VisualStudioVersion = 17.6.33829.357
MinimumVisualStudioVersion = 10.0.40219.1
Project("{8BC9CEB8-8B4A-11D0-8D11-00A0C91BC942}") = "Task1", "Task1\Task1.vcxproj", "{0BB662D4-0F64-41C7-AACB-C4C4F0DC71F3}"
EndProject
Project("{8BC9CEB8-8B4A-11D0-8D11-00A0C91BC942}") = "MergeSort", "MergeSort\MergeSort.vcxproj", "{29DE6ACE-2405-42FC-8392-55E88E0E32FA}"
EndProject
Project("{8BC9CEB8-8B4A-11D0-8D11-00A0C91BC942}") = "WriteNumbers", "WriteNumbers\WriteNumbers.vcxproj", "{66E300AE-9CD7-41A7-AEFA-F4933F3D16E4}"
EndProject
Project("{8BC9CEB8-8B4A-11D0-8D11-00A0C91BC942}") = "WinThread", "WinThread\WinThread.vcxproj", "{04D08D23-3511-4905-8FE7-0E182B6EA9CD}"
EndProject
Global
	GlobalSection(SolutionConfigurationPlatforms) = preSolution
		Debug|x64 = Debug|x64
		Debug|x86 = Debug|x86
		Release|x64 = Release|x64
		Release|x86 = Release|x86
	EndGlobalSection
	GlobalSection(ProjectConfigurationPlatforms) = postSolution
		{0BB662D4-0F64-41C7-AACB-C4C4F0DC71F3}.Debug|x64.ActiveCfg = Debug|x64
		{0BB662D4-0F64-41C7-AACB-C4C4F0DC71F3}.Debug|x64.Build.0 = Debug|x64
		{0BB662D4-0F64-41C7-AACB-C4C4F0DC71F3}.Debug|x86.ActiveCfg = Debug|Win32
		{0BB662D4-0F64-41C7-AACB-C4C4F0DC71F3}.Debug|x86.Build.0 = Debug|Win32
		{0BB662D4-0F64-41C7-AACB-C4C4F0DC71F3}.Release|x64.ActiveCfg = Release|x64
		{0BB662D4-0F64-41C7-AACB-C4C4F0DC71F3}.Release|x64.Build.0 = Release|x64
		{0BB662D4-0F64-41C7-AACB-C4C4F0DC71F3}.Release|x86.ActiveCfg = Release|Win32
		{0BB662D4-0F64-41C7-AACB-C4C4F0DC71F3}.Release|x86.Build.0 = Release|Win32
		{29DE6ACE-2405-42FC-8392-55E88E0E32FA}.Debug|x64.ActiveCfg = Debug|x64
		{29DE6ACE-2405-42FC-8392-55E88E0E32FA}.Debug|x64.Build.0 = Debug|x64
		{29DE6ACE-2405-42FC-8392-55E88E0E32FA}.Debug|x86.ActiveCfg = Debug|Win32
		{29DE6ACE-2405-42FC-8392-55E88E0E32FA}.Debug|x86.Build.0 = Debug|Win32
		{29DE6ACE-2405-42FC-8392-55E88E0E32FA}.Release|x64.ActiveCfg = Release|x64
		{29DE6ACE-2405-42FC-8392-55E88E0E32FA}.Release|x64.Build.0 = Release|x64
		{29DE6ACE-2405-42FC-8392-55E88E0E32FA}.Release|x86.ActiveCfg = Release|Win32
		{29DE6ACE-2405-42FC-8392-55E88E0E32FA}.Release|x86.Build.0 = Release|Win32
		{66E300AE-9CD7-41A7-AEFA-F4933F3D16E4}.Debug|x64.ActiveCfg = Debug|x64
		{66E300AE-9CD7-41A7-AEFA-F4933F3D16E4}.Debug|x64.Build.0 = Debug|x64
		{66E300AE-9CD7-41A7-AEFA-F4933F3D16E4}.Debug|x86.ActiveCfg = Debug|Win32
		{66E300AE-9CD7-41A7-AEFA-F4933F3D16E4}.Debug|x86.Build.0 = Debug|Win32
		{66E300AE-9CD7-41A7-AEFA-F4933F3D16E4}.Release|x64.ActiveCfg = Release|x64
		{66E300AE-9CD7-41A7-AEFA-F4933F3D16E4}.Release|x64.Build.0 = Release|x64
		{66E300AE-9CD7-41A7-AEFA-F4933F3D16E4}.Release|x86.ActiveCfg = Release|Win32
		{66E300AE-9CD7-41A7-AEFA-F4933F3D16E4}.Release|x86.Build.0 = Release|Win32
		{04D08D23-3511-4905-8FE7-0E182B6EA9CD}.Debug|x64.ActiveCfg = Debug|x64
		{04D08D23-3511-4905-8FE7-0E182B6EA9CD}.Debug|x64.Build.0 = Debug|x64
		{04D08D23-3511-4905-8FE7-0E182B6EA9CD}.Debug|x86.ActiveCfg = Debug|Win32
		{04D08D23-3511-4905-8FE7-0E182B6EA9CD}.Debug|x86.Build.0 = Debug|Win32
		{04D08D23-3511-4905-8FE7-0E182B6EA9CD}.Release|x64.ActiveCfg = Release|x64
		{04D08D23-3511-4905-8FE7-0E182B6EA9CD}.Release|x64.Build.0 = Release|x64
		{04D08D23-3511-4905-8FE7-0E182B6EA9CD}.Release|x86.ActiveCfg = Release|Win32
		{04D08D23-3511-4905-8FE7-0E182B6EA9CD}.Release|x86.Build.0 = Release|Win32
	EndGlobalSection
	GlobalSection(SolutionProperties) = preSolution
		HideSolutionNode = FALSE
	EndGlobalSection
	GlobalSection(ExtensibilityGlobals) = postSolution
		SolutionGuid = {E15DBAB6-1958-40AF-BA15-1380713CD17C}
	EndGlobalSection
EndGlobal
